<?xml version="1.0" encoding="UTF-8" standalone="yes" ?>
<CodeBlocks_project_file>
	<FileVersion major="1" minor="6" />
	<Project>
		<Option title="viajesGalacticos" />
		<Option pch_mode="2" />
		<Option compiler="gcc" />
		<Build>
			<Target title="Debug">
				<Option output="bin/Debug/viajesGalacticos" prefix_auto="1" extension_auto="1" />
				<Option object_output="obj/Debug/" />
				<Option type="1" />
				<Option compiler="gcc" />
				<Compiler>
					<Add option="-g" />
				</Compiler>
			</Target>
			<Target title="Release">
				<Option output="bin/Release/viajesGalacticos" prefix_auto="1" extension_auto="1" />
				<Option object_output="obj/Release/" />
				<Option type="1" />
				<Option compiler="gcc" />
				<Compiler>
					<Add option="-O2" />
				</Compiler>
				<Linker>
					<Add option="-s" />
				</Linker>
			</Target>
		</Build>
		<Compiler>
			<Add option="-Wall" />
			<Add option="-fexceptions" />
		</Compiler>
		<Unit filename="cargarCadena.cpp" />
		<Unit filename="cargarCadena.h" />
		<Unit filename="clsArchivoCapitanes.cpp" />
		<Unit filename="clsArchivoCapitanes.h" />
		<Unit filename="clsArchivoDestinos.cpp" />
		<Unit filename="clsArchivoDestinos.h" />
		<Unit filename="clsArchivoPasajeros.cpp" />
		<Unit filename="clsArchivoPasajeros.h" />
		<Unit filename="clsArchivoPasajes.cpp" />
		<Unit filename="clsArchivoPasajes.h" />
		<Unit filename="clsArchivoViajes.cpp" />
		<Unit filename="clsArchivoViajes.h" />
		<Unit filename="clsCapitan.cpp" />
		<Unit filename="clsCapitan.h" />
		<Unit filename="clsDestinos.cpp" />
		<Unit filename="clsDestinos.h" />
		<Unit filename="clsFecha.cpp" />
		<Unit filename="clsFecha.h" />
		<Unit filename="clsMenu.cpp" />
		<Unit filename="clsMenu.h" />
		<Unit filename="clsPasajeros.cpp" />
		<Unit filename="clsPasajeros.h" />
		<Unit filename="clsPasajes.cpp" />
		<Unit filename="clsPasajes.h" />
		<Unit filename="clsReportes.cpp" />
		<Unit filename="clsReportes.h" />
		<Unit filename="clsViajes.cpp" />
		<Unit filename="clsViajes.h" />
		<Unit filename="main.cpp" />
		<Extensions />
	</Project>
</CodeBlocks_project_file>
